// !$*UTF8*$!
{
	archiveVersion = 1;
	classes = {
	};
	objectVersion = 46;
	objects = {

/* Begin PBXBuildFile section */
		6E0F4B3214449B5B0084080B /* Accelerate.framework in Frameworks */ = {isa = PBXBuildFile; fileRef = 6E0F4B3114449B5B0084080B /* Accelerate.framework */; };
		6E0F4B3514449FA20084080B /* libopencv_core.a in Frameworks */ = {isa = PBXBuildFile; fileRef = 6E0F4B3414449FA20084080B /* libopencv_core.a */; };
		6E0F4B3914449FE60084080B /* libopencv_imgproc.a in Frameworks */ = {isa = PBXBuildFile; fileRef = 6E0F4B3714449FE60084080B /* libopencv_imgproc.a */; };
		6E0F4B3A14449FE60084080B /* libopencv_objdetect.a in Frameworks */ = {isa = PBXBuildFile; fileRef = 6E0F4B3814449FE60084080B /* libopencv_objdetect.a */; };
		6E0F4B4F1444A2FD0084080B /* BiometryDetector.m in Sources */ = {isa = PBXBuildFile; fileRef = 6E0F4B4E1444A2FD0084080B /* BiometryDetector.m */; };
		6E0F4B521444A4DA0084080B /* ImageHandler.m in Sources */ = {isa = PBXBuildFile; fileRef = 6E0F4B511444A4D90084080B /* ImageHandler.m */; };
		6E0F4B6C1444C2310084080B /* haarcascade_frontalface_alt2.xml in Resources */ = {isa = PBXBuildFile; fileRef = 6E0F4B6B1444C2310084080B /* haarcascade_frontalface_alt2.xml */; };
		6E9BE84514472FA000821C4C /* CheckingRequest.m in Sources */ = {isa = PBXBuildFile; fileRef = 6E9BE84414472FA000821C4C /* CheckingRequest.m */; };
		6E9BE84E14472FDD00821C4C /* ASIFormDataRequest.m in Sources */ = {isa = PBXBuildFile; fileRef = 6E9BE84914472FDC00821C4C /* ASIFormDataRequest.m */; };
		6E9BE84F14472FDD00821C4C /* ASIHTTPRequest.m in Sources */ = {isa = PBXBuildFile; fileRef = 6E9BE84B14472FDD00821C4C /* ASIHTTPRequest.m */; };
		6E9BE853144730C000821C4C /* RequestHandler.m in Sources */ = {isa = PBXBuildFile; fileRef = 6E9BE852144730BF00821C4C /* RequestHandler.m */; };
		6E9BE860144731F900821C4C /* NSObject+SBJSON.m in Sources */ = {isa = PBXBuildFile; fileRef = 6E9BE857144731F900821C4C /* NSObject+SBJSON.m */; };
		6E9BE861144731F900821C4C /* NSString+SBJSON.m in Sources */ = {isa = PBXBuildFile; fileRef = 6E9BE859144731F900821C4C /* NSString+SBJSON.m */; };
		6E9BE862144731F900821C4C /* SBJsonBase.m in Sources */ = {isa = PBXBuildFile; fileRef = 6E9BE85B144731F900821C4C /* SBJsonBase.m */; };
		6E9BE863144731F900821C4C /* SBJsonParser.m in Sources */ = {isa = PBXBuildFile; fileRef = 6E9BE85D144731F900821C4C /* SBJsonParser.m */; };
		6E9BE864144731F900821C4C /* SBJsonWriter.m in Sources */ = {isa = PBXBuildFile; fileRef = 6E9BE85F144731F900821C4C /* SBJsonWriter.m */; };
		6E9BE866144756F600821C4C /* CoreLocation.framework in Frameworks */ = {isa = PBXBuildFile; fileRef = 6E9BE865144756F600821C4C /* CoreLocation.framework */; };
		6E9BE8691447590100821C4C /* DataHandler.m in Sources */ = {isa = PBXBuildFile; fileRef = 6E9BE868144758FF00821C4C /* DataHandler.m */; };
		6E9BE88C144DC21600821C4C /* ASIAuthenticationDialog.m in Sources */ = {isa = PBXBuildFile; fileRef = 6E9BE885144DC21500821C4C /* ASIAuthenticationDialog.m */; };
		6E9BE88D144DC21600821C4C /* ASIDataCompressor.m in Sources */ = {isa = PBXBuildFile; fileRef = 6E9BE887144DC21500821C4C /* ASIDataCompressor.m */; };
		6E9BE88E144DC21600821C4C /* ASIDataDecompressor.m in Sources */ = {isa = PBXBuildFile; fileRef = 6E9BE889144DC21500821C4C /* ASIDataDecompressor.m */; };
		6E9BE88F144DC21600821C4C /* ASIDownloadCache.m in Sources */ = {isa = PBXBuildFile; fileRef = 6E9BE88B144DC21600821C4C /* ASIDownloadCache.m */; };
		6E9BE892144DC23500821C4C /* ASIInputStream.m in Sources */ = {isa = PBXBuildFile; fileRef = 6E9BE891144DC23500821C4C /* ASIInputStream.m */; };
		6E9BE895144DC25900821C4C /* Reachability.m in Sources */ = {isa = PBXBuildFile; fileRef = 6E9BE894144DC25900821C4C /* Reachability.m */; };
		6E9BE89B144DC2E100821C4C /* CFNetwork.framework in Frameworks */ = {isa = PBXBuildFile; fileRef = 6E9BE897144DC2A100821C4C /* CFNetwork.framework */; };
		6E9BE8A2144DC42A00821C4C /* libz.dylib in Frameworks */ = {isa = PBXBuildFile; fileRef = 6E9BE8A0144DC3F500821C4C /* libz.dylib */; };
		6E9BE8A3144DC43100821C4C /* MobileCoreServices.framework in Frameworks */ = {isa = PBXBuildFile; fileRef = 6E9BE89E144DC36B00821C4C /* MobileCoreServices.framework */; };
		6E9BE8A4144DC43400821C4C /* SystemConfiguration.framework in Frameworks */ = {isa = PBXBuildFile; fileRef = 6E9BE89C144DC35500821C4C /* SystemConfiguration.framework */; };
		6E9BE8B1144DC4A000821C4C /* libsqlite3.dylib in Frameworks */ = {isa = PBXBuildFile; fileRef = 6E9BE8AF144DC49400821C4C /* libsqlite3.dylib */; };
		6E9BE8BA144DDD0D00821C4C /* BiometryCloud.sqlite in Resources */ = {isa = PBXBuildFile; fileRef = 6E9BE8B9144DDD0D00821C4C /* BiometryCloud.sqlite */; };
		F122C68A143E1D6F00E2FFE8 /* UIKit.framework in Frameworks */ = {isa = PBXBuildFile; fileRef = F122C689143E1D6F00E2FFE8 /* UIKit.framework */; };
		F122C68C143E1D6F00E2FFE8 /* Foundation.framework in Frameworks */ = {isa = PBXBuildFile; fileRef = F122C68B143E1D6F00E2FFE8 /* Foundation.framework */; };
		F122C694143E1D6F00E2FFE8 /* InfoPlist.strings in Resources */ = {isa = PBXBuildFile; fileRef = F122C692143E1D6F00E2FFE8 /* InfoPlist.strings */; };
		F122C696143E1D6F00E2FFE8 /* main.m in Sources */ = {isa = PBXBuildFile; fileRef = F122C695143E1D6F00E2FFE8 /* main.m */; };
		F122C69A143E1D6F00E2FFE8 /* BiometryCloudAppDelegate.m in Sources */ = {isa = PBXBuildFile; fileRef = F122C699143E1D6F00E2FFE8 /* BiometryCloudAppDelegate.m */; };
		F122C69E143E1D7000E2FFE8 /* BiometryCloudAppDelegate_iPhone.m in Sources */ = {isa = PBXBuildFile; fileRef = F122C69D143E1D7000E2FFE8 /* BiometryCloudAppDelegate_iPhone.m */; };
		F122C6A1143E1D7000E2FFE8 /* MainWindow_iPhone.xib in Resources */ = {isa = PBXBuildFile; fileRef = F122C69F143E1D7000E2FFE8 /* MainWindow_iPhone.xib */; };
		F122C6A5143E1D7000E2FFE8 /* BiometryCloudAppDelegate_iPad.m in Sources */ = {isa = PBXBuildFile; fileRef = F122C6A4143E1D7000E2FFE8 /* BiometryCloudAppDelegate_iPad.m */; };
		F122C6A8143E1D7000E2FFE8 /* MainWindow_iPad.xib in Resources */ = {isa = PBXBuildFile; fileRef = F122C6A6143E1D7000E2FFE8 /* MainWindow_iPad.xib */; };
		F122C6B6143E1E4400E2FFE8 /* CameraViewController_iPad.m in Sources */ = {isa = PBXBuildFile; fileRef = F122C6B4143E1E4400E2FFE8 /* CameraViewController_iPad.m */; };
		F122C6B7143E1E4400E2FFE8 /* CameraViewController_iPad.xib in Resources */ = {isa = PBXBuildFile; fileRef = F122C6B5143E1E4400E2FFE8 /* CameraViewController_iPad.xib */; };
		F122C6BE143E265600E2FFE8 /* CameraViewController.m in Sources */ = {isa = PBXBuildFile; fileRef = F122C6BD143E265600E2FFE8 /* CameraViewController.m */; };
		F122C6C2143E26BA00E2FFE8 /* CameraViewController_iPhone.m in Sources */ = {isa = PBXBuildFile; fileRef = F122C6C0143E26BA00E2FFE8 /* CameraViewController_iPhone.m */; };
		F122C6C3143E26BA00E2FFE8 /* CameraViewController_iPhone.xib in Resources */ = {isa = PBXBuildFile; fileRef = F122C6C1143E26BA00E2FFE8 /* CameraViewController_iPhone.xib */; };
		F14477A21450506400103ADA /* DrawingView.m in Sources */ = {isa = PBXBuildFile; fileRef = F14477A11450506400103ADA /* DrawingView.m */; };
		F14477A51450508D00103ADA /* DrawingView_iPhone.xib in Resources */ = {isa = PBXBuildFile; fileRef = F14477A41450508D00103ADA /* DrawingView_iPhone.xib */; };
		F14477A7145050A600103ADA /* DrawingView_iPad.xib in Resources */ = {isa = PBXBuildFile; fileRef = F14477A6145050A600103ADA /* DrawingView_iPad.xib */; };
		F14477AA14506E4700103ADA /* DrawingView_iPhone.m in Sources */ = {isa = PBXBuildFile; fileRef = F14477A914506E4700103ADA /* DrawingView_iPhone.m */; };
		F14477AD14506F4900103ADA /* DrawingView_iPad.m in Sources */ = {isa = PBXBuildFile; fileRef = F14477AC14506F4900103ADA /* DrawingView_iPad.m */; };
		F14477B9145079F800103ADA /* flecha1.png in Resources */ = {isa = PBXBuildFile; fileRef = F14477AE145079F800103ADA /* flecha1.png */; };
		F14477BA145079F800103ADA /* flecha2.png in Resources */ = {isa = PBXBuildFile; fileRef = F14477AF145079F800103ADA /* flecha2.png */; };
		F14477BB145079F800103ADA /* flecha3.png in Resources */ = {isa = PBXBuildFile; fileRef = F14477B0145079F800103ADA /* flecha3.png */; };
		F14477BC145079F800103ADA /* flecha4.png in Resources */ = {isa = PBXBuildFile; fileRef = F14477B1145079F800103ADA /* flecha4.png */; };
		F14477BD145079F800103ADA /* flecha5.png in Resources */ = {isa = PBXBuildFile; fileRef = F14477B2145079F800103ADA /* flecha5.png */; };
		F14477BE145079F800103ADA /* flecha6.png in Resources */ = {isa = PBXBuildFile; fileRef = F14477B3145079F800103ADA /* flecha6.png */; };
		F14477BF145079F800103ADA /* flecha7.png in Resources */ = {isa = PBXBuildFile; fileRef = F14477B4145079F800103ADA /* flecha7.png */; };
		F14477C0145079F800103ADA /* flecha8.png in Resources */ = {isa = PBXBuildFile; fileRef = F14477B5145079F800103ADA /* flecha8.png */; };
		F14477C1145079F800103ADA /* flecha9.png in Resources */ = {isa = PBXBuildFile; fileRef = F14477B6145079F800103ADA /* flecha9.png */; };
		F14477C2145079F800103ADA /* flecha10.png in Resources */ = {isa = PBXBuildFile; fileRef = F14477B7145079F800103ADA /* flecha10.png */; };
		F14477C3145079F800103ADA /* flecha11.png in Resources */ = {isa = PBXBuildFile; fileRef = F14477B8145079F800103ADA /* flecha11.png */; };
		F14477E214507A7300103ADA /* centerface1.png in Resources */ = {isa = PBXBuildFile; fileRef = F14477E014507A7200103ADA /* centerface1.png */; };
		F14477E314507A7300103ADA /* centerface0.png in Resources */ = {isa = PBXBuildFile; fileRef = F14477E114507A7200103ADA /* centerface0.png */; };
		F16C8797145641E600EC9B85 /* changeCamaraButtonIcon.png in Resources */ = {isa = PBXBuildFile; fileRef = F16C8795145641E600EC9B85 /* changeCamaraButtonIcon.png */; };
		F16C8798145641E600EC9B85 /* changeCamaraButtonIconPressed.png in Resources */ = {isa = PBXBuildFile; fileRef = F16C8796145641E600EC9B85 /* changeCamaraButtonIconPressed.png */; };
		F16C879E145722CD00EC9B85 /* InfoPlist.strings in Resources */ = {isa = PBXBuildFile; fileRef = F16C879A145722CD00EC9B85 /* InfoPlist.strings */; };
		F16C879F145722CD00EC9B85 /* Localizable.strings in Resources */ = {isa = PBXBuildFile; fileRef = F16C879C145722CD00EC9B85 /* Localizable.strings */; };
		F16C87A51457239E00EC9B85 /* InfoPlist.strings in Resources */ = {isa = PBXBuildFile; fileRef = F16C87A11457239E00EC9B85 /* InfoPlist.strings */; };
		F16C87A61457239E00EC9B85 /* Localizable.strings in Resources */ = {isa = PBXBuildFile; fileRef = F16C87A31457239E00EC9B85 /* Localizable.strings */; };
		F1E786801444AD3C008672C4 /* CoreMedia.framework in Frameworks */ = {isa = PBXBuildFile; fileRef = F1F608C0143E4F8B00A6E0DC /* CoreMedia.framework */; };
		F1E786811444AD4E008672C4 /* CoreVideo.framework in Frameworks */ = {isa = PBXBuildFile; fileRef = F1F608C1143E4F8B00A6E0DC /* CoreVideo.framework */; };
		F1F608AE143E36D600A6E0DC /* AVFoundation.framework in Frameworks */ = {isa = PBXBuildFile; fileRef = F1F608AD143E36D600A6E0DC /* AVFoundation.framework */; };
		F1F608C7143E4F9E00A6E0DC /* CoreGraphics.framework in Frameworks */ = {isa = PBXBuildFile; fileRef = F1F608BF143E4F8B00A6E0DC /* CoreGraphics.framework */; };
		F1F608CA143E4F9E00A6E0DC /* QuartzCore.framework in Frameworks */ = {isa = PBXBuildFile; fileRef = F1F608C2143E4F8C00A6E0DC /* QuartzCore.framework */; };
/* End PBXBuildFile section */

/* Begin PBXFileReference section */
		6E0F4B3114449B5B0084080B /* Accelerate.framework */ = {isa = PBXFileReference; lastKnownFileType = wrapper.framework; name = Accelerate.framework; path = System/Library/Frameworks/Accelerate.framework; sourceTree = SDKROOT; };
		6E0F4B3414449FA20084080B /* libopencv_core.a */ = {isa = PBXFileReference; lastKnownFileType = archive.ar; name = libopencv_core.a; path = opencv_device/lib/libopencv_core.a; sourceTree = SOURCE_ROOT; };
		6E0F4B3714449FE60084080B /* libopencv_imgproc.a */ = {isa = PBXFileReference; lastKnownFileType = archive.ar; name = libopencv_imgproc.a; path = opencv_device/lib/libopencv_imgproc.a; sourceTree = SOURCE_ROOT; };
		6E0F4B3814449FE60084080B /* libopencv_objdetect.a */ = {isa = PBXFileReference; lastKnownFileType = archive.ar; name = libopencv_objdetect.a; path = opencv_device/lib/libopencv_objdetect.a; sourceTree = SOURCE_ROOT; };
		6E0F4B4D1444A2FD0084080B /* BiometryDetector.h */ = {isa = PBXFileReference; fileEncoding = 4; lastKnownFileType = sourcecode.c.h; path = BiometryDetector.h; sourceTree = "<group>"; };
		6E0F4B4E1444A2FD0084080B /* BiometryDetector.m */ = {isa = PBXFileReference; fileEncoding = 4; lastKnownFileType = sourcecode.c.objc; path = BiometryDetector.m; sourceTree = "<group>"; };
		6E0F4B501444A4D90084080B /* ImageHandler.h */ = {isa = PBXFileReference; fileEncoding = 4; lastKnownFileType = sourcecode.c.h; path = ImageHandler.h; sourceTree = "<group>"; };
		6E0F4B511444A4D90084080B /* ImageHandler.m */ = {isa = PBXFileReference; fileEncoding = 4; lastKnownFileType = sourcecode.c.objc; path = ImageHandler.m; sourceTree = "<group>"; };
		6E0F4B6B1444C2310084080B /* haarcascade_frontalface_alt2.xml */ = {isa = PBXFileReference; fileEncoding = 4; lastKnownFileType = text.xml; name = haarcascade_frontalface_alt2.xml; path = opencv_device/share/opencv/haarcascades/haarcascade_frontalface_alt2.xml; sourceTree = SOURCE_ROOT; };
		6E9BE84314472FA000821C4C /* CheckingRequest.h */ = {isa = PBXFileReference; fileEncoding = 4; lastKnownFileType = sourcecode.c.h; path = CheckingRequest.h; sourceTree = "<group>"; };
		6E9BE84414472FA000821C4C /* CheckingRequest.m */ = {isa = PBXFileReference; fileEncoding = 4; lastKnownFileType = sourcecode.c.objc; path = CheckingRequest.m; sourceTree = "<group>"; };
		6E9BE84714472FDC00821C4C /* ASICacheDelegate.h */ = {isa = PBXFileReference; fileEncoding = 4; lastKnownFileType = sourcecode.c.h; path = ASICacheDelegate.h; sourceTree = "<group>"; };
		6E9BE84814472FDC00821C4C /* ASIFormDataRequest.h */ = {isa = PBXFileReference; fileEncoding = 4; lastKnownFileType = sourcecode.c.h; path = ASIFormDataRequest.h; sourceTree = "<group>"; };
		6E9BE84914472FDC00821C4C /* ASIFormDataRequest.m */ = {isa = PBXFileReference; fileEncoding = 4; lastKnownFileType = sourcecode.c.objc; path = ASIFormDataRequest.m; sourceTree = "<group>"; };
		6E9BE84A14472FDC00821C4C /* ASIHTTPRequest.h */ = {isa = PBXFileReference; fileEncoding = 4; lastKnownFileType = sourcecode.c.h; path = ASIHTTPRequest.h; sourceTree = "<group>"; };
		6E9BE84B14472FDD00821C4C /* ASIHTTPRequest.m */ = {isa = PBXFileReference; fileEncoding = 4; lastKnownFileType = sourcecode.c.objc; path = ASIHTTPRequest.m; sourceTree = "<group>"; };
		6E9BE84C14472FDD00821C4C /* ASIHTTPRequestConfig.h */ = {isa = PBXFileReference; fileEncoding = 4; lastKnownFileType = sourcecode.c.h; path = ASIHTTPRequestConfig.h; sourceTree = "<group>"; };
		6E9BE84D14472FDD00821C4C /* ASIHTTPRequestDelegate.h */ = {isa = PBXFileReference; fileEncoding = 4; lastKnownFileType = sourcecode.c.h; path = ASIHTTPRequestDelegate.h; sourceTree = "<group>"; };
		6E9BE851144730BF00821C4C /* RequestHandler.h */ = {isa = PBXFileReference; fileEncoding = 4; lastKnownFileType = sourcecode.c.h; path = RequestHandler.h; sourceTree = "<group>"; };
		6E9BE852144730BF00821C4C /* RequestHandler.m */ = {isa = PBXFileReference; fileEncoding = 4; lastKnownFileType = sourcecode.c.objc; path = RequestHandler.m; sourceTree = "<group>"; };
		6E9BE855144731F900821C4C /* JSON.h */ = {isa = PBXFileReference; fileEncoding = 4; lastKnownFileType = sourcecode.c.h; path = JSON.h; sourceTree = "<group>"; };
		6E9BE856144731F900821C4C /* NSObject+SBJSON.h */ = {isa = PBXFileReference; fileEncoding = 4; lastKnownFileType = sourcecode.c.h; path = "NSObject+SBJSON.h"; sourceTree = "<group>"; };
		6E9BE857144731F900821C4C /* NSObject+SBJSON.m */ = {isa = PBXFileReference; fileEncoding = 4; lastKnownFileType = sourcecode.c.objc; path = "NSObject+SBJSON.m"; sourceTree = "<group>"; };
		6E9BE858144731F900821C4C /* NSString+SBJSON.h */ = {isa = PBXFileReference; fileEncoding = 4; lastKnownFileType = sourcecode.c.h; path = "NSString+SBJSON.h"; sourceTree = "<group>"; };
		6E9BE859144731F900821C4C /* NSString+SBJSON.m */ = {isa = PBXFileReference; fileEncoding = 4; lastKnownFileType = sourcecode.c.objc; path = "NSString+SBJSON.m"; sourceTree = "<group>"; };
		6E9BE85A144731F900821C4C /* SBJsonBase.h */ = {isa = PBXFileReference; fileEncoding = 4; lastKnownFileType = sourcecode.c.h; path = SBJsonBase.h; sourceTree = "<group>"; };
		6E9BE85B144731F900821C4C /* SBJsonBase.m */ = {isa = PBXFileReference; fileEncoding = 4; lastKnownFileType = sourcecode.c.objc; path = SBJsonBase.m; sourceTree = "<group>"; };
		6E9BE85C144731F900821C4C /* SBJsonParser.h */ = {isa = PBXFileReference; fileEncoding = 4; lastKnownFileType = sourcecode.c.h; path = SBJsonParser.h; sourceTree = "<group>"; };
		6E9BE85D144731F900821C4C /* SBJsonParser.m */ = {isa = PBXFileReference; fileEncoding = 4; lastKnownFileType = sourcecode.c.objc; path = SBJsonParser.m; sourceTree = "<group>"; };
		6E9BE85E144731F900821C4C /* SBJsonWriter.h */ = {isa = PBXFileReference; fileEncoding = 4; lastKnownFileType = sourcecode.c.h; path = SBJsonWriter.h; sourceTree = "<group>"; };
		6E9BE85F144731F900821C4C /* SBJsonWriter.m */ = {isa = PBXFileReference; fileEncoding = 4; lastKnownFileType = sourcecode.c.objc; path = SBJsonWriter.m; sourceTree = "<group>"; };
		6E9BE865144756F600821C4C /* CoreLocation.framework */ = {isa = PBXFileReference; lastKnownFileType = wrapper.framework; name = CoreLocation.framework; path = System/Library/Frameworks/CoreLocation.framework; sourceTree = SDKROOT; };
		6E9BE867144758FF00821C4C /* DataHandler.h */ = {isa = PBXFileReference; fileEncoding = 4; lastKnownFileType = sourcecode.c.h; path = DataHandler.h; sourceTree = "<group>"; };
		6E9BE868144758FF00821C4C /* DataHandler.m */ = {isa = PBXFileReference; fileEncoding = 4; lastKnownFileType = sourcecode.c.objc; path = DataHandler.m; sourceTree = "<group>"; };
		6E9BE882144DC16600821C4C /* ASIProgressDelegate.h */ = {isa = PBXFileReference; fileEncoding = 4; lastKnownFileType = sourcecode.c.h; path = ASIProgressDelegate.h; sourceTree = "<group>"; };
		6E9BE884144DC21400821C4C /* ASIAuthenticationDialog.h */ = {isa = PBXFileReference; fileEncoding = 4; lastKnownFileType = sourcecode.c.h; path = ASIAuthenticationDialog.h; sourceTree = "<group>"; };
		6E9BE885144DC21500821C4C /* ASIAuthenticationDialog.m */ = {isa = PBXFileReference; fileEncoding = 4; lastKnownFileType = sourcecode.c.objc; path = ASIAuthenticationDialog.m; sourceTree = "<group>"; };
		6E9BE886144DC21500821C4C /* ASIDataCompressor.h */ = {isa = PBXFileReference; fileEncoding = 4; lastKnownFileType = sourcecode.c.h; path = ASIDataCompressor.h; sourceTree = "<group>"; };
		6E9BE887144DC21500821C4C /* ASIDataCompressor.m */ = {isa = PBXFileReference; fileEncoding = 4; lastKnownFileType = sourcecode.c.objc; path = ASIDataCompressor.m; sourceTree = "<group>"; };
		6E9BE888144DC21500821C4C /* ASIDataDecompressor.h */ = {isa = PBXFileReference; fileEncoding = 4; lastKnownFileType = sourcecode.c.h; path = ASIDataDecompressor.h; sourceTree = "<group>"; };
		6E9BE889144DC21500821C4C /* ASIDataDecompressor.m */ = {isa = PBXFileReference; fileEncoding = 4; lastKnownFileType = sourcecode.c.objc; path = ASIDataDecompressor.m; sourceTree = "<group>"; };
		6E9BE88A144DC21600821C4C /* ASIDownloadCache.h */ = {isa = PBXFileReference; fileEncoding = 4; lastKnownFileType = sourcecode.c.h; path = ASIDownloadCache.h; sourceTree = "<group>"; };
		6E9BE88B144DC21600821C4C /* ASIDownloadCache.m */ = {isa = PBXFileReference; fileEncoding = 4; lastKnownFileType = sourcecode.c.objc; path = ASIDownloadCache.m; sourceTree = "<group>"; };
		6E9BE890144DC23500821C4C /* ASIInputStream.h */ = {isa = PBXFileReference; fileEncoding = 4; lastKnownFileType = sourcecode.c.h; path = ASIInputStream.h; sourceTree = "<group>"; };
		6E9BE891144DC23500821C4C /* ASIInputStream.m */ = {isa = PBXFileReference; fileEncoding = 4; lastKnownFileType = sourcecode.c.objc; path = ASIInputStream.m; sourceTree = "<group>"; };
		6E9BE893144DC25900821C4C /* Reachability.h */ = {isa = PBXFileReference; fileEncoding = 4; lastKnownFileType = sourcecode.c.h; path = Reachability.h; sourceTree = "<group>"; };
		6E9BE894144DC25900821C4C /* Reachability.m */ = {isa = PBXFileReference; fileEncoding = 4; lastKnownFileType = sourcecode.c.objc; path = Reachability.m; sourceTree = "<group>"; };
		6E9BE897144DC2A100821C4C /* CFNetwork.framework */ = {isa = PBXFileReference; lastKnownFileType = wrapper.framework; name = CFNetwork.framework; path = System/Library/Frameworks/CFNetwork.framework; sourceTree = SDKROOT; };
		6E9BE89C144DC35500821C4C /* SystemConfiguration.framework */ = {isa = PBXFileReference; lastKnownFileType = wrapper.framework; name = SystemConfiguration.framework; path = System/Library/Frameworks/SystemConfiguration.framework; sourceTree = SDKROOT; };
		6E9BE89E144DC36B00821C4C /* MobileCoreServices.framework */ = {isa = PBXFileReference; lastKnownFileType = wrapper.framework; name = MobileCoreServices.framework; path = System/Library/Frameworks/MobileCoreServices.framework; sourceTree = SDKROOT; };
		6E9BE8A0144DC3F500821C4C /* libz.dylib */ = {isa = PBXFileReference; lastKnownFileType = "compiled.mach-o.dylib"; name = libz.dylib; path = usr/lib/libz.dylib; sourceTree = SDKROOT; };
		6E9BE8AF144DC49400821C4C /* libsqlite3.dylib */ = {isa = PBXFileReference; lastKnownFileType = "compiled.mach-o.dylib"; name = libsqlite3.dylib; path = usr/lib/libsqlite3.dylib; sourceTree = SDKROOT; };
		6E9BE8B2144DC55900821C4C /* BiometryCloudConfiguration.h */ = {isa = PBXFileReference; fileEncoding = 4; lastKnownFileType = sourcecode.c.h; path = BiometryCloudConfiguration.h; sourceTree = "<group>"; };
		6E9BE8B9144DDD0D00821C4C /* BiometryCloud.sqlite */ = {isa = PBXFileReference; lastKnownFileType = file; path = BiometryCloud.sqlite; sourceTree = "<group>"; };
		F122C685143E1D6F00E2FFE8 /* BiometryCloud.app */ = {isa = PBXFileReference; explicitFileType = wrapper.application; includeInIndex = 0; path = BiometryCloud.app; sourceTree = BUILT_PRODUCTS_DIR; };
		F122C689143E1D6F00E2FFE8 /* UIKit.framework */ = {isa = PBXFileReference; lastKnownFileType = wrapper.framework; name = UIKit.framework; path = System/Library/Frameworks/UIKit.framework; sourceTree = SDKROOT; };
		F122C68B143E1D6F00E2FFE8 /* Foundation.framework */ = {isa = PBXFileReference; lastKnownFileType = wrapper.framework; name = Foundation.framework; path = System/Library/Frameworks/Foundation.framework; sourceTree = SDKROOT; };
		F122C691143E1D6F00E2FFE8 /* BiometryCloud-Info.plist */ = {isa = PBXFileReference; lastKnownFileType = text.plist.xml; path = "BiometryCloud-Info.plist"; sourceTree = "<group>"; };
		F122C693143E1D6F00E2FFE8 /* en */ = {isa = PBXFileReference; lastKnownFileType = text.plist.strings; name = en; path = en.lproj/InfoPlist.strings; sourceTree = "<group>"; };
		F122C695143E1D6F00E2FFE8 /* main.m */ = {isa = PBXFileReference; lastKnownFileType = sourcecode.c.objc; path = main.m; sourceTree = "<group>"; };
		F122C697143E1D6F00E2FFE8 /* BiometryCloud-Prefix.pch */ = {isa = PBXFileReference; lastKnownFileType = sourcecode.c.h; path = "BiometryCloud-Prefix.pch"; sourceTree = "<group>"; };
		F122C698143E1D6F00E2FFE8 /* BiometryCloudAppDelegate.h */ = {isa = PBXFileReference; lastKnownFileType = sourcecode.c.h; path = BiometryCloudAppDelegate.h; sourceTree = "<group>"; };
		F122C699143E1D6F00E2FFE8 /* BiometryCloudAppDelegate.m */ = {isa = PBXFileReference; lastKnownFileType = sourcecode.c.objc; path = BiometryCloudAppDelegate.m; sourceTree = "<group>"; };
		F122C69C143E1D6F00E2FFE8 /* BiometryCloudAppDelegate_iPhone.h */ = {isa = PBXFileReference; lastKnownFileType = sourcecode.c.h; name = BiometryCloudAppDelegate_iPhone.h; path = iPhone/BiometryCloudAppDelegate_iPhone.h; sourceTree = "<group>"; };
		F122C69D143E1D7000E2FFE8 /* BiometryCloudAppDelegate_iPhone.m */ = {isa = PBXFileReference; lastKnownFileType = sourcecode.c.objc; name = BiometryCloudAppDelegate_iPhone.m; path = iPhone/BiometryCloudAppDelegate_iPhone.m; sourceTree = "<group>"; };
		F122C6A0143E1D7000E2FFE8 /* en */ = {isa = PBXFileReference; lastKnownFileType = file.xib; name = en; path = iPhone/en.lproj/MainWindow_iPhone.xib; sourceTree = "<group>"; };
		F122C6A3143E1D7000E2FFE8 /* BiometryCloudAppDelegate_iPad.h */ = {isa = PBXFileReference; lastKnownFileType = sourcecode.c.h; name = BiometryCloudAppDelegate_iPad.h; path = iPad/BiometryCloudAppDelegate_iPad.h; sourceTree = "<group>"; };
		F122C6A4143E1D7000E2FFE8 /* BiometryCloudAppDelegate_iPad.m */ = {isa = PBXFileReference; lastKnownFileType = sourcecode.c.objc; name = BiometryCloudAppDelegate_iPad.m; path = iPad/BiometryCloudAppDelegate_iPad.m; sourceTree = "<group>"; };
		F122C6A7143E1D7000E2FFE8 /* en */ = {isa = PBXFileReference; lastKnownFileType = file.xib; name = en; path = iPad/en.lproj/MainWindow_iPad.xib; sourceTree = "<group>"; };
		F122C6B3143E1E4400E2FFE8 /* CameraViewController_iPad.h */ = {isa = PBXFileReference; fileEncoding = 4; lastKnownFileType = sourcecode.c.h; name = CameraViewController_iPad.h; path = iPad/CameraViewController_iPad.h; sourceTree = "<group>"; };
		F122C6B4143E1E4400E2FFE8 /* CameraViewController_iPad.m */ = {isa = PBXFileReference; fileEncoding = 4; lastKnownFileType = sourcecode.c.objc; name = CameraViewController_iPad.m; path = iPad/CameraViewController_iPad.m; sourceTree = "<group>"; };
		F122C6B5143E1E4400E2FFE8 /* CameraViewController_iPad.xib */ = {isa = PBXFileReference; fileEncoding = 4; lastKnownFileType = file.xib; name = CameraViewController_iPad.xib; path = iPad/CameraViewController_iPad.xib; sourceTree = "<group>"; };
		F122C6BC143E265600E2FFE8 /* CameraViewController.h */ = {isa = PBXFileReference; fileEncoding = 4; lastKnownFileType = sourcecode.c.h; path = CameraViewController.h; sourceTree = "<group>"; };
		F122C6BD143E265600E2FFE8 /* CameraViewController.m */ = {isa = PBXFileReference; fileEncoding = 4; lastKnownFileType = sourcecode.c.objc; path = CameraViewController.m; sourceTree = "<group>"; };
		F122C6BF143E26BA00E2FFE8 /* CameraViewController_iPhone.h */ = {isa = PBXFileReference; fileEncoding = 4; lastKnownFileType = sourcecode.c.h; path = CameraViewController_iPhone.h; sourceTree = "<group>"; };
		F122C6C0143E26BA00E2FFE8 /* CameraViewController_iPhone.m */ = {isa = PBXFileReference; fileEncoding = 4; lastKnownFileType = sourcecode.c.objc; path = CameraViewController_iPhone.m; sourceTree = "<group>"; };
		F122C6C1143E26BA00E2FFE8 /* CameraViewController_iPhone.xib */ = {isa = PBXFileReference; fileEncoding = 4; lastKnownFileType = file.xib; path = CameraViewController_iPhone.xib; sourceTree = "<group>"; };
		F14477A01450506400103ADA /* DrawingView.h */ = {isa = PBXFileReference; fileEncoding = 4; lastKnownFileType = sourcecode.c.h; path = DrawingView.h; sourceTree = "<group>"; };
		F14477A11450506400103ADA /* DrawingView.m */ = {isa = PBXFileReference; fileEncoding = 4; lastKnownFileType = sourcecode.c.objc; path = DrawingView.m; sourceTree = "<group>"; };
		F14477A41450508D00103ADA /* DrawingView_iPhone.xib */ = {isa = PBXFileReference; fileEncoding = 4; lastKnownFileType = file.xib; name = DrawingView_iPhone.xib; path = iPhone/DrawingView_iPhone.xib; sourceTree = "<group>"; };
		F14477A6145050A600103ADA /* DrawingView_iPad.xib */ = {isa = PBXFileReference; fileEncoding = 4; lastKnownFileType = file.xib; name = DrawingView_iPad.xib; path = iPad/DrawingView_iPad.xib; sourceTree = "<group>"; };
		F14477A814506E4700103ADA /* DrawingView_iPhone.h */ = {isa = PBXFileReference; fileEncoding = 4; lastKnownFileType = sourcecode.c.h; name = DrawingView_iPhone.h; path = iPhone/DrawingView_iPhone.h; sourceTree = "<group>"; };
		F14477A914506E4700103ADA /* DrawingView_iPhone.m */ = {isa = PBXFileReference; fileEncoding = 4; lastKnownFileType = sourcecode.c.objc; name = DrawingView_iPhone.m; path = iPhone/DrawingView_iPhone.m; sourceTree = "<group>"; };
		F14477AB14506F4900103ADA /* DrawingView_iPad.h */ = {isa = PBXFileReference; fileEncoding = 4; lastKnownFileType = sourcecode.c.h; name = DrawingView_iPad.h; path = iPad/DrawingView_iPad.h; sourceTree = "<group>"; };
		F14477AC14506F4900103ADA /* DrawingView_iPad.m */ = {isa = PBXFileReference; fileEncoding = 4; lastKnownFileType = sourcecode.c.objc; name = DrawingView_iPad.m; path = iPad/DrawingView_iPad.m; sourceTree = "<group>"; };
		F14477AE145079F800103ADA /* flecha1.png */ = {isa = PBXFileReference; lastKnownFileType = image.png; path = flecha1.png; sourceTree = "<group>"; };
		F14477AF145079F800103ADA /* flecha2.png */ = {isa = PBXFileReference; lastKnownFileType = image.png; path = flecha2.png; sourceTree = "<group>"; };
		F14477B0145079F800103ADA /* flecha3.png */ = {isa = PBXFileReference; lastKnownFileType = image.png; path = flecha3.png; sourceTree = "<group>"; };
		F14477B1145079F800103ADA /* flecha4.png */ = {isa = PBXFileReference; lastKnownFileType = image.png; path = flecha4.png; sourceTree = "<group>"; };
		F14477B2145079F800103ADA /* flecha5.png */ = {isa = PBXFileReference; lastKnownFileType = image.png; path = flecha5.png; sourceTree = "<group>"; };
		F14477B3145079F800103ADA /* flecha6.png */ = {isa = PBXFileReference; lastKnownFileType = image.png; path = flecha6.png; sourceTree = "<group>"; };
		F14477B4145079F800103ADA /* flecha7.png */ = {isa = PBXFileReference; lastKnownFileType = image.png; path = flecha7.png; sourceTree = "<group>"; };
		F14477B5145079F800103ADA /* flecha8.png */ = {isa = PBXFileReference; lastKnownFileType = image.png; path = flecha8.png; sourceTree = "<group>"; };
		F14477B6145079F800103ADA /* flecha9.png */ = {isa = PBXFileReference; lastKnownFileType = image.png; path = flecha9.png; sourceTree = "<group>"; };
		F14477B7145079F800103ADA /* flecha10.png */ = {isa = PBXFileReference; lastKnownFileType = image.png; path = flecha10.png; sourceTree = "<group>"; };
		F14477B8145079F800103ADA /* flecha11.png */ = {isa = PBXFileReference; lastKnownFileType = image.png; path = flecha11.png; sourceTree = "<group>"; };
		F14477E014507A7200103ADA /* centerface1.png */ = {isa = PBXFileReference; lastKnownFileType = image.png; path = centerface1.png; sourceTree = "<group>"; };
		F14477E114507A7200103ADA /* centerface0.png */ = {isa = PBXFileReference; lastKnownFileType = image.png; path = centerface0.png; sourceTree = "<group>"; };
		F16C8795145641E600EC9B85 /* changeCamaraButtonIcon.png */ = {isa = PBXFileReference; lastKnownFileType = image.png; path = changeCamaraButtonIcon.png; sourceTree = "<group>"; };
		F16C8796145641E600EC9B85 /* changeCamaraButtonIconPressed.png */ = {isa = PBXFileReference; lastKnownFileType = image.png; path = changeCamaraButtonIconPressed.png; sourceTree = "<group>"; };
		F16C879B145722CD00EC9B85 /* en */ = {isa = PBXFileReference; lastKnownFileType = text.plist.strings; name = en; path = InfoPlist.strings; sourceTree = "<group>"; };
		F16C879D145722CD00EC9B85 /* en */ = {isa = PBXFileReference; lastKnownFileType = text.plist.strings; name = en; path = Localizable.strings; sourceTree = "<group>"; };
		F16C87A21457239E00EC9B85 /* es */ = {isa = PBXFileReference; lastKnownFileType = text.plist.strings; name = es; path = InfoPlist.strings; sourceTree = "<group>"; };
		F16C87A41457239E00EC9B85 /* es */ = {isa = PBXFileReference; lastKnownFileType = text.plist.strings; name = es; path = Localizable.strings; sourceTree = "<group>"; };
		F1F608AD143E36D600A6E0DC /* AVFoundation.framework */ = {isa = PBXFileReference; lastKnownFileType = wrapper.framework; name = AVFoundation.framework; path = System/Library/Frameworks/AVFoundation.framework; sourceTree = SDKROOT; };
		F1F608BF143E4F8B00A6E0DC /* CoreGraphics.framework */ = {isa = PBXFileReference; lastKnownFileType = wrapper.framework; name = CoreGraphics.framework; path = System/Library/Frameworks/CoreGraphics.framework; sourceTree = SDKROOT; };
		F1F608C0143E4F8B00A6E0DC /* CoreMedia.framework */ = {isa = PBXFileReference; lastKnownFileType = wrapper.framework; name = CoreMedia.framework; path = System/Library/Frameworks/CoreMedia.framework; sourceTree = SDKROOT; };
		F1F608C1143E4F8B00A6E0DC /* CoreVideo.framework */ = {isa = PBXFileReference; lastKnownFileType = wrapper.framework; name = CoreVideo.framework; path = System/Library/Frameworks/CoreVideo.framework; sourceTree = SDKROOT; };
		F1F608C2143E4F8C00A6E0DC /* QuartzCore.framework */ = {isa = PBXFileReference; lastKnownFileType = wrapper.framework; name = QuartzCore.framework; path = System/Library/Frameworks/QuartzCore.framework; sourceTree = SDKROOT; };
/* End PBXFileReference section */

/* Begin PBXFrameworksBuildPhase section */
		F122C682143E1D6F00E2FFE8 /* Frameworks */ = {
			isa = PBXFrameworksBuildPhase;
			buildActionMask = 2147483647;
			files = (
				6E9BE866144756F600821C4C /* CoreLocation.framework in Frameworks */,
				6E0F4B3214449B5B0084080B /* Accelerate.framework in Frameworks */,
				F1F608AE143E36D600A6E0DC /* AVFoundation.framework in Frameworks */,
				F122C68A143E1D6F00E2FFE8 /* UIKit.framework in Frameworks */,
				F122C68C143E1D6F00E2FFE8 /* Foundation.framework in Frameworks */,
				F1F608C7143E4F9E00A6E0DC /* CoreGraphics.framework in Frameworks */,
				F1E786801444AD3C008672C4 /* CoreMedia.framework in Frameworks */,
				F1E786811444AD4E008672C4 /* CoreVideo.framework in Frameworks */,
				6E9BE89B144DC2E100821C4C /* CFNetwork.framework in Frameworks */,
				F1F608CA143E4F9E00A6E0DC /* QuartzCore.framework in Frameworks */,
				6E9BE8A3144DC43100821C4C /* MobileCoreServices.framework in Frameworks */,
				6E9BE8A4144DC43400821C4C /* SystemConfiguration.framework in Frameworks */,
				6E9BE8A2144DC42A00821C4C /* libz.dylib in Frameworks */,
				6E9BE8B1144DC4A000821C4C /* libsqlite3.dylib in Frameworks */,
				6E0F4B3514449FA20084080B /* libopencv_core.a in Frameworks */,
				6E0F4B3914449FE60084080B /* libopencv_imgproc.a in Frameworks */,
				6E0F4B3A14449FE60084080B /* libopencv_objdetect.a in Frameworks */,
			);
			runOnlyForDeploymentPostprocessing = 0;
		};
/* End PBXFrameworksBuildPhase section */

/* Begin PBXGroup section */
		6E0F4B3614449FC00084080B /* Libraries */ = {
			isa = PBXGroup;
			children = (
				6E9BE8AF144DC49400821C4C /* libsqlite3.dylib */,
				6E9BE8A0144DC3F500821C4C /* libz.dylib */,
				6E0F4B3714449FE60084080B /* libopencv_imgproc.a */,
				6E0F4B3814449FE60084080B /* libopencv_objdetect.a */,
				6E0F4B3414449FA20084080B /* libopencv_core.a */,
			);
			name = Libraries;
			sourceTree = "<group>";
		};
		6E0F4B6E1444C23C0084080B /* Resources */ = {
			isa = PBXGroup;
			children = (
				6E9BE8B9144DDD0D00821C4C /* BiometryCloud.sqlite */,
				6E0F4B6B1444C2310084080B /* haarcascade_frontalface_alt2.xml */,
				F16C87A01457239E00EC9B85 /* es.lproj */,
				F16C8799145722CD00EC9B85 /* en.lproj */,
				F16C8793145641B100EC9B85 /* Images */,
			);
			name = Resources;
			sourceTree = "<group>";
		};
		6E9BE85014472FE400821C4C /* ASIHTTPRequest */ = {
			isa = PBXGroup;
			children = (
				6E9BE884144DC21400821C4C /* ASIAuthenticationDialog.h */,
				6E9BE885144DC21500821C4C /* ASIAuthenticationDialog.m */,
				6E9BE886144DC21500821C4C /* ASIDataCompressor.h */,
				6E9BE887144DC21500821C4C /* ASIDataCompressor.m */,
				6E9BE888144DC21500821C4C /* ASIDataDecompressor.h */,
				6E9BE889144DC21500821C4C /* ASIDataDecompressor.m */,
				6E9BE88A144DC21600821C4C /* ASIDownloadCache.h */,
				6E9BE88B144DC21600821C4C /* ASIDownloadCache.m */,
				6E9BE84714472FDC00821C4C /* ASICacheDelegate.h */,
				6E9BE84814472FDC00821C4C /* ASIFormDataRequest.h */,
				6E9BE84914472FDC00821C4C /* ASIFormDataRequest.m */,
				6E9BE882144DC16600821C4C /* ASIProgressDelegate.h */,
				6E9BE84A14472FDC00821C4C /* ASIHTTPRequest.h */,
				6E9BE84B14472FDD00821C4C /* ASIHTTPRequest.m */,
				6E9BE890144DC23500821C4C /* ASIInputStream.h */,
				6E9BE891144DC23500821C4C /* ASIInputStream.m */,
				6E9BE84C14472FDD00821C4C /* ASIHTTPRequestConfig.h */,
				6E9BE84D14472FDD00821C4C /* ASIHTTPRequestDelegate.h */,
			);
			name = ASIHTTPRequest;
			sourceTree = "<group>";
		};
		6E9BE854144731DF00821C4C /* SBJSON */ = {
			isa = PBXGroup;
			children = (
				6E9BE855144731F900821C4C /* JSON.h */,
				6E9BE856144731F900821C4C /* NSObject+SBJSON.h */,
				6E9BE857144731F900821C4C /* NSObject+SBJSON.m */,
				6E9BE858144731F900821C4C /* NSString+SBJSON.h */,
				6E9BE859144731F900821C4C /* NSString+SBJSON.m */,
				6E9BE85A144731F900821C4C /* SBJsonBase.h */,
				6E9BE85B144731F900821C4C /* SBJsonBase.m */,
				6E9BE85C144731F900821C4C /* SBJsonParser.h */,
				6E9BE85D144731F900821C4C /* SBJsonParser.m */,
				6E9BE85E144731F900821C4C /* SBJsonWriter.h */,
				6E9BE85F144731F900821C4C /* SBJsonWriter.m */,
			);
			name = SBJSON;
			sourceTree = "<group>";
		};
		6E9BE896144DC25E00821C4C /* Reachability */ = {
			isa = PBXGroup;
			children = (
				6E9BE893144DC25900821C4C /* Reachability.h */,
				6E9BE894144DC25900821C4C /* Reachability.m */,
			);
			name = Reachability;
			sourceTree = "<group>";
		};
		F122C67A143E1D6F00E2FFE8 = {
			isa = PBXGroup;
			children = (
				F122C68F143E1D6F00E2FFE8 /* BiometryCloud */,
				F122C688143E1D6F00E2FFE8 /* Frameworks */,
				F122C686143E1D6F00E2FFE8 /* Products */,
			);
			sourceTree = "<group>";
		};
		F122C686143E1D6F00E2FFE8 /* Products */ = {
			isa = PBXGroup;
			children = (
				F122C685143E1D6F00E2FFE8 /* BiometryCloud.app */,
			);
			name = Products;
			sourceTree = "<group>";
		};
		F122C688143E1D6F00E2FFE8 /* Frameworks */ = {
			isa = PBXGroup;
			children = (
				6E9BE89E144DC36B00821C4C /* MobileCoreServices.framework */,
				6E9BE89C144DC35500821C4C /* SystemConfiguration.framework */,
				6E9BE897144DC2A100821C4C /* CFNetwork.framework */,
				6E9BE865144756F600821C4C /* CoreLocation.framework */,
				6E0F4B3114449B5B0084080B /* Accelerate.framework */,
				F1F608BF143E4F8B00A6E0DC /* CoreGraphics.framework */,
				F1F608C0143E4F8B00A6E0DC /* CoreMedia.framework */,
				F1F608C1143E4F8B00A6E0DC /* CoreVideo.framework */,
				F1F608C2143E4F8C00A6E0DC /* QuartzCore.framework */,
				F1F608AD143E36D600A6E0DC /* AVFoundation.framework */,
				F122C689143E1D6F00E2FFE8 /* UIKit.framework */,
				F122C68B143E1D6F00E2FFE8 /* Foundation.framework */,
			);
			name = Frameworks;
			sourceTree = "<group>";
		};
		F122C68F143E1D6F00E2FFE8 /* BiometryCloud */ = {
			isa = PBXGroup;
			children = (
				6E9BE85014472FE400821C4C /* ASIHTTPRequest */,
				6E9BE896144DC25E00821C4C /* Reachability */,
				6E9BE854144731DF00821C4C /* SBJSON */,
				6E9BE8B2144DC55900821C4C /* BiometryCloudConfiguration.h */,
				F122C698143E1D6F00E2FFE8 /* BiometryCloudAppDelegate.h */,
				F122C699143E1D6F00E2FFE8 /* BiometryCloudAppDelegate.m */,
				F122C6BC143E265600E2FFE8 /* CameraViewController.h */,
				F122C6BD143E265600E2FFE8 /* CameraViewController.m */,
				6E0F4B4D1444A2FD0084080B /* BiometryDetector.h */,
				6E0F4B4E1444A2FD0084080B /* BiometryDetector.m */,
				F14477A01450506400103ADA /* DrawingView.h */,
				F14477A11450506400103ADA /* DrawingView.m */,
				6E0F4B501444A4D90084080B /* ImageHandler.h */,
				6E0F4B511444A4D90084080B /* ImageHandler.m */,
				6E9BE851144730BF00821C4C /* RequestHandler.h */,
				6E9BE852144730BF00821C4C /* RequestHandler.m */,
				6E9BE867144758FF00821C4C /* DataHandler.h */,
				6E9BE868144758FF00821C4C /* DataHandler.m */,
				6E9BE84314472FA000821C4C /* CheckingRequest.h */,
				6E9BE84414472FA000821C4C /* CheckingRequest.m */,
				F122C69B143E1D6F00E2FFE8 /* iPhone */,
				F122C6A2143E1D7000E2FFE8 /* iPad */,
				6E0F4B6E1444C23C0084080B /* Resources */,
				F122C690143E1D6F00E2FFE8 /* Supporting Files */,
				6E0F4B3614449FC00084080B /* Libraries */,
			);
			path = BiometryCloud;
			sourceTree = "<group>";
		};
		F122C690143E1D6F00E2FFE8 /* Supporting Files */ = {
			isa = PBXGroup;
			children = (
				F122C691143E1D6F00E2FFE8 /* BiometryCloud-Info.plist */,
				F122C692143E1D6F00E2FFE8 /* InfoPlist.strings */,
				F122C695143E1D6F00E2FFE8 /* main.m */,
				F122C697143E1D6F00E2FFE8 /* BiometryCloud-Prefix.pch */,
			);
			name = "Supporting Files";
			sourceTree = "<group>";
		};
		F122C69B143E1D6F00E2FFE8 /* iPhone */ = {
			isa = PBXGroup;
			children = (
				F122C69C143E1D6F00E2FFE8 /* BiometryCloudAppDelegate_iPhone.h */,
				F122C69D143E1D7000E2FFE8 /* BiometryCloudAppDelegate_iPhone.m */,
				F122C6BF143E26BA00E2FFE8 /* CameraViewController_iPhone.h */,
				F122C6C0143E26BA00E2FFE8 /* CameraViewController_iPhone.m */,
				F14477A814506E4700103ADA /* DrawingView_iPhone.h */,
				F14477A914506E4700103ADA /* DrawingView_iPhone.m */,
				F122C6C1143E26BA00E2FFE8 /* CameraViewController_iPhone.xib */,
				F14477A41450508D00103ADA /* DrawingView_iPhone.xib */,
				F122C69F143E1D7000E2FFE8 /* MainWindow_iPhone.xib */,
			);
			name = iPhone;
			sourceTree = "<group>";
		};
		F122C6A2143E1D7000E2FFE8 /* iPad */ = {
			isa = PBXGroup;
			children = (
				F122C6A3143E1D7000E2FFE8 /* BiometryCloudAppDelegate_iPad.h */,
				F122C6A4143E1D7000E2FFE8 /* BiometryCloudAppDelegate_iPad.m */,
				F122C6B3143E1E4400E2FFE8 /* CameraViewController_iPad.h */,
				F122C6B4143E1E4400E2FFE8 /* CameraViewController_iPad.m */,
				F14477AB14506F4900103ADA /* DrawingView_iPad.h */,
				F14477AC14506F4900103ADA /* DrawingView_iPad.m */,
				F122C6B5143E1E4400E2FFE8 /* CameraViewController_iPad.xib */,
				F14477A6145050A600103ADA /* DrawingView_iPad.xib */,
				F122C6A6143E1D7000E2FFE8 /* MainWindow_iPad.xib */,
			);
			name = iPad;
			sourceTree = "<group>";
		};
		F14477C414507A0000103ADA /* GetCloserFeedback */ = {
			isa = PBXGroup;
			children = (
				F14477AE145079F800103ADA /* flecha1.png */,
				F14477AF145079F800103ADA /* flecha2.png */,
				F14477B0145079F800103ADA /* flecha3.png */,
				F14477B1145079F800103ADA /* flecha4.png */,
				F14477B2145079F800103ADA /* flecha5.png */,
				F14477B3145079F800103ADA /* flecha6.png */,
				F14477B4145079F800103ADA /* flecha7.png */,
				F14477B5145079F800103ADA /* flecha8.png */,
				F14477B6145079F800103ADA /* flecha9.png */,
				F14477B7145079F800103ADA /* flecha10.png */,
				F14477B8145079F800103ADA /* flecha11.png */,
			);
			name = GetCloserFeedback;
			sourceTree = "<group>";
		};
		F14477DF14507A3000103ADA /* CenterFaceFeedback */ = {
			isa = PBXGroup;
			children = (
				F14477E014507A7200103ADA /* centerface1.png */,
				F14477E114507A7200103ADA /* centerface0.png */,
			);
			name = CenterFaceFeedback;
			sourceTree = "<group>";
		};
		F16C8793145641B100EC9B85 /* Images */ = {
			isa = PBXGroup;
			children = (
				F16C8794145641D300EC9B85 /* Buttons */,
				F14477DF14507A3000103ADA /* CenterFaceFeedback */,
				F14477C414507A0000103ADA /* GetCloserFeedback */,
			);
			name = Images;
			sourceTree = "<group>";
		};
		F16C8794145641D300EC9B85 /* Buttons */ = {
			isa = PBXGroup;
			children = (
				F16C8795145641E600EC9B85 /* changeCamaraButtonIcon.png */,
				F16C8796145641E600EC9B85 /* changeCamaraButtonIconPressed.png */,
			);
			name = Buttons;
			sourceTree = "<group>";
		};
		F16C8799145722CD00EC9B85 /* en.lproj */ = {
			isa = PBXGroup;
			children = (
				F16C879A145722CD00EC9B85 /* InfoPlist.strings */,
				F16C879C145722CD00EC9B85 /* Localizable.strings */,
			);
			path = en.lproj;
			sourceTree = "<group>";
		};
		F16C87A01457239E00EC9B85 /* es.lproj */ = {
			isa = PBXGroup;
			children = (
				F16C87A11457239E00EC9B85 /* InfoPlist.strings */,
				F16C87A31457239E00EC9B85 /* Localizable.strings */,
			);
			path = es.lproj;
			sourceTree = "<group>";
		};
/* End PBXGroup section */

/* Begin PBXNativeTarget section */
		F122C684143E1D6F00E2FFE8 /* BiometryCloud */ = {
			isa = PBXNativeTarget;
			buildConfigurationList = F122C6AB143E1D7000E2FFE8 /* Build configuration list for PBXNativeTarget "BiometryCloud" */;
			buildPhases = (
				F122C681143E1D6F00E2FFE8 /* Sources */,
				F122C682143E1D6F00E2FFE8 /* Frameworks */,
				F122C683143E1D6F00E2FFE8 /* Resources */,
			);
			buildRules = (
			);
			dependencies = (
			);
			name = BiometryCloud;
			productName = BiometryCloud;
			productReference = F122C685143E1D6F00E2FFE8 /* BiometryCloud.app */;
			productType = "com.apple.product-type.application";
		};
/* End PBXNativeTarget section */

/* Begin PBXProject section */
		F122C67C143E1D6F00E2FFE8 /* Project object */ = {
			isa = PBXProject;
			attributes = {
				LastUpgradeCheck = 0420;
			};
			buildConfigurationList = F122C67F143E1D6F00E2FFE8 /* Build configuration list for PBXProject "BiometryCloud" */;
			compatibilityVersion = "Xcode 3.2";
			developmentRegion = English;
			hasScannedForEncodings = 0;
			knownRegions = (
				en,
				es,
			);
			mainGroup = F122C67A143E1D6F00E2FFE8;
			productRefGroup = F122C686143E1D6F00E2FFE8 /* Products */;
			projectDirPath = "";
			projectRoot = "";
			targets = (
				F122C684143E1D6F00E2FFE8 /* BiometryCloud */,
			);
		};
/* End PBXProject section */

/* Begin PBXResourcesBuildPhase section */
		F122C683143E1D6F00E2FFE8 /* Resources */ = {
			isa = PBXResourcesBuildPhase;
			buildActionMask = 2147483647;
			files = (
				F122C694143E1D6F00E2FFE8 /* InfoPlist.strings in Resources */,
				F122C6A1143E1D7000E2FFE8 /* MainWindow_iPhone.xib in Resources */,
				F122C6A8143E1D7000E2FFE8 /* MainWindow_iPad.xib in Resources */,
				F122C6B7143E1E4400E2FFE8 /* CameraViewController_iPad.xib in Resources */,
				F122C6C3143E26BA00E2FFE8 /* CameraViewController_iPhone.xib in Resources */,
				6E0F4B6C1444C2310084080B /* haarcascade_frontalface_alt2.xml in Resources */,
				6E9BE8BA144DDD0D00821C4C /* BiometryCloud.sqlite in Resources */,
				F14477A51450508D00103ADA /* DrawingView_iPhone.xib in Resources */,
				F14477A7145050A600103ADA /* DrawingView_iPad.xib in Resources */,
				F14477B9145079F800103ADA /* flecha1.png in Resources */,
				F14477BA145079F800103ADA /* flecha2.png in Resources */,
				F14477BB145079F800103ADA /* flecha3.png in Resources */,
				F14477BC145079F800103ADA /* flecha4.png in Resources */,
				F14477BD145079F800103ADA /* flecha5.png in Resources */,
				F14477BE145079F800103ADA /* flecha6.png in Resources */,
				F14477BF145079F800103ADA /* flecha7.png in Resources */,
				F14477C0145079F800103ADA /* flecha8.png in Resources */,
				F14477C1145079F800103ADA /* flecha9.png in Resources */,
				F14477C2145079F800103ADA /* flecha10.png in Resources */,
				F14477C3145079F800103ADA /* flecha11.png in Resources */,
				F14477E214507A7300103ADA /* centerface1.png in Resources */,
				F14477E314507A7300103ADA /* centerface0.png in Resources */,
				F16C8797145641E600EC9B85 /* changeCamaraButtonIcon.png in Resources */,
				F16C8798145641E600EC9B85 /* changeCamaraButtonIconPressed.png in Resources */,
				F16C879E145722CD00EC9B85 /* InfoPlist.strings in Resources */,
				F16C879F145722CD00EC9B85 /* Localizable.strings in Resources */,
				F16C87A51457239E00EC9B85 /* InfoPlist.strings in Resources */,
				F16C87A61457239E00EC9B85 /* Localizable.strings in Resources */,
			);
			runOnlyForDeploymentPostprocessing = 0;
		};
/* End PBXResourcesBuildPhase section */

/* Begin PBXSourcesBuildPhase section */
		F122C681143E1D6F00E2FFE8 /* Sources */ = {
			isa = PBXSourcesBuildPhase;
			buildActionMask = 2147483647;
			files = (
				F122C696143E1D6F00E2FFE8 /* main.m in Sources */,
				F122C69A143E1D6F00E2FFE8 /* BiometryCloudAppDelegate.m in Sources */,
				F122C69E143E1D7000E2FFE8 /* BiometryCloudAppDelegate_iPhone.m in Sources */,
				F122C6A5143E1D7000E2FFE8 /* BiometryCloudAppDelegate_iPad.m in Sources */,
				F122C6B6143E1E4400E2FFE8 /* CameraViewController_iPad.m in Sources */,
				F122C6BE143E265600E2FFE8 /* CameraViewController.m in Sources */,
				F122C6C2143E26BA00E2FFE8 /* CameraViewController_iPhone.m in Sources */,
				6E0F4B4F1444A2FD0084080B /* BiometryDetector.m in Sources */,
				6E0F4B521444A4DA0084080B /* ImageHandler.m in Sources */,
				6E9BE84514472FA000821C4C /* CheckingRequest.m in Sources */,
				6E9BE84E14472FDD00821C4C /* ASIFormDataRequest.m in Sources */,
				6E9BE84F14472FDD00821C4C /* ASIHTTPRequest.m in Sources */,
				6E9BE853144730C000821C4C /* RequestHandler.m in Sources */,
				6E9BE860144731F900821C4C /* NSObject+SBJSON.m in Sources */,
				6E9BE861144731F900821C4C /* NSString+SBJSON.m in Sources */,
				6E9BE862144731F900821C4C /* SBJsonBase.m in Sources */,
				6E9BE863144731F900821C4C /* SBJsonParser.m in Sources */,
				6E9BE864144731F900821C4C /* SBJsonWriter.m in Sources */,
				6E9BE8691447590100821C4C /* DataHandler.m in Sources */,
				6E9BE88C144DC21600821C4C /* ASIAuthenticationDialog.m in Sources */,
				6E9BE88D144DC21600821C4C /* ASIDataCompressor.m in Sources */,
				6E9BE88E144DC21600821C4C /* ASIDataDecompressor.m in Sources */,
				6E9BE88F144DC21600821C4C /* ASIDownloadCache.m in Sources */,
				6E9BE892144DC23500821C4C /* ASIInputStream.m in Sources */,
				6E9BE895144DC25900821C4C /* Reachability.m in Sources */,
				F14477A21450506400103ADA /* DrawingView.m in Sources */,
				F14477AA14506E4700103ADA /* DrawingView_iPhone.m in Sources */,
				F14477AD14506F4900103ADA /* DrawingView_iPad.m in Sources */,
			);
			runOnlyForDeploymentPostprocessing = 0;
		};
/* End PBXSourcesBuildPhase section */

/* Begin PBXVariantGroup section */
		F122C692143E1D6F00E2FFE8 /* InfoPlist.strings */ = {
			isa = PBXVariantGroup;
			children = (
				F122C693143E1D6F00E2FFE8 /* en */,
			);
			name = InfoPlist.strings;
			sourceTree = "<group>";
		};
		F122C69F143E1D7000E2FFE8 /* MainWindow_iPhone.xib */ = {
			isa = PBXVariantGroup;
			children = (
				F122C6A0143E1D7000E2FFE8 /* en */,
			);
			name = MainWindow_iPhone.xib;
			sourceTree = "<group>";
		};
		F122C6A6143E1D7000E2FFE8 /* MainWindow_iPad.xib */ = {
			isa = PBXVariantGroup;
			children = (
				F122C6A7143E1D7000E2FFE8 /* en */,
			);
			name = MainWindow_iPad.xib;
			sourceTree = "<group>";
		};
		F16C879A145722CD00EC9B85 /* InfoPlist.strings */ = {
			isa = PBXVariantGroup;
			children = (
				F16C879B145722CD00EC9B85 /* en */,
			);
			name = InfoPlist.strings;
			sourceTree = "<group>";
		};
		F16C879C145722CD00EC9B85 /* Localizable.strings */ = {
			isa = PBXVariantGroup;
			children = (
				F16C879D145722CD00EC9B85 /* en */,
			);
			name = Localizable.strings;
			sourceTree = "<group>";
		};
		F16C87A11457239E00EC9B85 /* InfoPlist.strings */ = {
			isa = PBXVariantGroup;
			children = (
				F16C87A21457239E00EC9B85 /* es */,
			);
			name = InfoPlist.strings;
			sourceTree = "<group>";
		};
		F16C87A31457239E00EC9B85 /* Localizable.strings */ = {
			isa = PBXVariantGroup;
			children = (
				F16C87A41457239E00EC9B85 /* es */,
			);
			name = Localizable.strings;
			sourceTree = "<group>";
		};
/* End PBXVariantGroup section */

/* Begin XCBuildConfiguration section */
		F122C6A9143E1D7000E2FFE8 /* Debug */ = {
			isa = XCBuildConfiguration;
			buildSettings = {
				ALWAYS_SEARCH_USER_PATHS = NO;
				ARCHS = "$(ARCHS_STANDARD_32_BIT)";
				"CODE_SIGN_IDENTITY[sdk=iphoneos*]" = "iPhone Developer";
				COPY_PHASE_STRIP = NO;
				GCC_C_LANGUAGE_STANDARD = gnu99;
				GCC_DYNAMIC_NO_PIC = NO;
				GCC_OPTIMIZATION_LEVEL = 0;
				GCC_PREPROCESSOR_DEFINITIONS = (
					"DEBUG=1",
					"$(inherited)",
				);
				GCC_SYMBOLS_PRIVATE_EXTERN = NO;
				GCC_VERSION = com.apple.compilers.llvmgcc42;
				GCC_WARN_ABOUT_MISSING_PROTOTYPES = YES;
				GCC_WARN_ABOUT_RETURN_TYPE = YES;
				GCC_WARN_UNUSED_VARIABLE = YES;
				IPHONEOS_DEPLOYMENT_TARGET = 4.3;
				SDKROOT = iphoneos;
				TARGETED_DEVICE_FAMILY = "1,2";
			};
			name = Debug;
		};
		F122C6AA143E1D7000E2FFE8 /* Release */ = {
			isa = XCBuildConfiguration;
			buildSettings = {
				ALWAYS_SEARCH_USER_PATHS = NO;
				ARCHS = "$(ARCHS_STANDARD_32_BIT)";
				"CODE_SIGN_IDENTITY[sdk=iphoneos*]" = "iPhone Developer";
				COPY_PHASE_STRIP = YES;
				GCC_C_LANGUAGE_STANDARD = gnu99;
				GCC_VERSION = com.apple.compilers.llvmgcc42;
				GCC_WARN_ABOUT_MISSING_PROTOTYPES = YES;
				GCC_WARN_ABOUT_RETURN_TYPE = YES;
				GCC_WARN_UNUSED_VARIABLE = YES;
				IPHONEOS_DEPLOYMENT_TARGET = 4.3;
				OTHER_CFLAGS = "-DNS_BLOCK_ASSERTIONS=1";
				SDKROOT = iphoneos;
				TARGETED_DEVICE_FAMILY = "1,2";
				VALIDATE_PRODUCT = YES;
			};
			name = Release;
		};
		F122C6AC143E1D7000E2FFE8 /* Debug */ = {
			isa = XCBuildConfiguration;
			buildSettings = {
				GCC_PRECOMPILE_PREFIX_HEADER = YES;
				GCC_PREFIX_HEADER = "BiometryCloud/BiometryCloud-Prefix.pch";
				GCC_VERSION = com.apple.compilers.llvm.clang.1_0;
				HEADER_SEARCH_PATHS = "$(SRCROOT)/opencv_device/include";
				INFOPLIST_FILE = "BiometryCloud/BiometryCloud-Info.plist";
				LIBRARY_SEARCH_PATHS = (
					"$(inherited)",
					"\"$(SRCROOT)/opencv_device/lib\"",
				);
				OTHER_LDFLAGS = (
					"-lstdc++",
					"-lz",
				);
				PRODUCT_NAME = "$(TARGET_NAME)";
				WRAPPER_EXTENSION = app;
			};
			name = Debug;
		};
		F122C6AD143E1D7000E2FFE8 /* Release */ = {
			isa = XCBuildConfiguration;
			buildSettings = {
				GCC_PRECOMPILE_PREFIX_HEADER = YES;
				GCC_PREFIX_HEADER = "BiometryCloud/BiometryCloud-Prefix.pch";
				GCC_VERSION = com.apple.compilers.llvm.clang.1_0;
				HEADER_SEARCH_PATHS = "$(SRCROOT)/opencv_device/include";
				INFOPLIST_FILE = "BiometryCloud/BiometryCloud-Info.plist";
				LIBRARY_SEARCH_PATHS = (
					"$(inherited)",
					"\"$(SRCROOT)/opencv_device/lib\"",
				);
				OTHER_LDFLAGS = (
					"-lstdc++",
					"-lz",
				);
				PRODUCT_NAME = "$(TARGET_NAME)";
				WRAPPER_EXTENSION = app;
			};
			name = Release;
		};
/* End XCBuildConfiguration section */

/* Begin XCConfigurationList section */
		F122C67F143E1D6F00E2FFE8 /* Build configuration list for PBXProject "BiometryCloud" */ = {
			isa = XCConfigurationList;
			buildConfigurations = (
				F122C6A9143E1D7000E2FFE8 /* Debug */,
				F122C6AA143E1D7000E2FFE8 /* Release */,
			);
			defaultConfigurationIsVisible = 0;
			defaultConfigurationName = Release;
		};
		F122C6AB143E1D7000E2FFE8 /* Build configuration list for PBXNativeTarget "BiometryCloud" */ = {
			isa = XCConfigurationList;
			buildConfigurations = (
				F122C6AC143E1D7000E2FFE8 /* Debug */,
				F122C6AD143E1D7000E2FFE8 /* Release */,
			);
			defaultConfigurationIsVisible = 0;
			defaultConfigurationName = Release;
		};
/* End XCConfigurationList section */
	};
	rootObject = F122C67C143E1D6F00E2FFE8 /* Project object */;
}
